
Microsoft Visual Studio Solution File, Format Version 12.00
# Visual Studio Version 17
VisualStudioVersion = 17.7.34009.444
MinimumVisualStudioVersion = 10.0.40219.1
Project("{FAE04EC0-301F-11D3-BF4B-00C04F79EFBC}") = "Platform", "Platform\Platform.csproj", "{F4BD7D0C-3110-479D-8570-7C7C0699FF59}"
EndProject
Global
	GlobalSection(SolutionConfigurationPlatforms) = preSolution
		Debug|Any CPU = Debug|Any CPU
		Release|Any CPU = Release|Any CPU
	EndGlobalSection
	GlobalSection(ProjectConfigurationPlatforms) = postSolution
		{F4BD7D0C-3110-479D-8570-7C7C0699FF59}.Debug|Any CPU.ActiveCfg = Debug|Any CPU
		{F4BD7D0C-3110-479D-8570-7C7C0699FF59}.Debug|Any CPU.Build.0 = Debug|Any CPU
		{F4BD7D0C-3110-479D-8570-7C7C0699FF59}.Debug|Any CPU.Deploy.0 = Debug|Any CPU
		{F4BD7D0C-3110-479D-8570-7C7C0699FF59}.Release|Any CPU.ActiveCfg = Release|Any CPU
		{F4BD7D0C-3110-479D-8570-7C7C0699FF59}.Release|Any CPU.Build.0 = Release|Any CPU
		{F4BD7D0C-3110-479D-8570-7C7C0699FF59}.Release|Any CPU.Deploy.0 = Release|Any CPU
	EndGlobalSection
	GlobalSection(SolutionProperties) = preSolution
		HideSolutionNode = FALSE
	EndGlobalSection
	GlobalSection(ExtensibilityGlobals) = postSolution
		SolutionGuid = {9FB97FB7-5666-491E-AE24-C191AF09D2EB}
	EndGlobalSection
EndGlobal
